
Microsoft Visual Studio Solution File, Format Version 12.00
# Visual Studio Version 16
VisualStudioVersion = 16.0.31729.503
MinimumVisualStudioVersion = 10.0.40219.1
Project("{FAE04EC0-301F-11D3-BF4B-00C04F79EFBC}") = "ema", "ema\ema.csproj", "{10CDE558-93A0-458F-A5C4-0F97C6A1C0B8}"
EndProject
Global
	GlobalSection(SolutionConfigurationPlatforms) = preSolution
		Debug|Any CPU = Debug|Any CPU
		Release|Any CPU = Release|Any CPU
	EndGlobalSection
	GlobalSection(ProjectConfigurationPlatforms) = postSolution
		{10CDE558-93A0-458F-A5C4-0F97C6A1C0B8}.Debug|Any CPU.ActiveCfg = Debug|Any CPU
		{10CDE558-93A0-458F-A5C4-0F97C6A1C0B8}.Debug|Any CPU.Build.0 = Debug|Any CPU
		{10CDE558-93A0-458F-A5C4-0F97C6A1C0B8}.Release|Any CPU.ActiveCfg = Release|Any CPU
		{10CDE558-93A0-458F-A5C4-0F97C6A1C0B8}.Release|Any CPU.Build.0 = Release|Any CPU
	EndGlobalSection
	GlobalSection(SolutionProperties) = preSolution
		HideSolutionNode = FALSE
	EndGlobalSection
	GlobalSection(ExtensibilityGlobals) = postSolution
		SolutionGuid = {CBC0C4CC-0B04-4F41-8FA6-E42E4E87AB5A}
	EndGlobalSection
EndGlobal
